
Microsoft Visual Studio Solution File, Format Version 12.00
# Visual Studio Version 17
VisualStudioVersion = 17.9.34701.34
MinimumVisualStudioVersion = 10.0.40219.1
Project("{FAE04EC0-301F-11D3-BF4B-00C04F79EFBC}") = "HelloWorldWinform31", "HelloWorldWinform31\HelloWorldWinform31.csproj", "{8EBC6BCF-73D8-4CEC-AF70-00EC92E5C625}"
EndProject
Global
	GlobalSection(SolutionConfigurationPlatforms) = preSolution
		Debug|Any CPU = Debug|Any CPU
		Release|Any CPU = Release|Any CPU
	EndGlobalSection
	GlobalSection(ProjectConfigurationPlatforms) = postSolution
		{8EBC6BCF-73D8-4CEC-AF70-00EC92E5C625}.Debug|Any CPU.ActiveCfg = Debug|Any CPU
		{8EBC6BCF-73D8-4CEC-AF70-00EC92E5C625}.Debug|Any CPU.Build.0 = Debug|Any CPU
		{8EBC6BCF-73D8-4CEC-AF70-00EC92E5C625}.Release|Any CPU.ActiveCfg = Release|Any CPU
		{8EBC6BCF-73D8-4CEC-AF70-00EC92E5C625}.Release|Any CPU.Build.0 = Release|Any CPU
	EndGlobalSection
	GlobalSection(SolutionProperties) = preSolution
		HideSolutionNode = FALSE
	EndGlobalSection
	GlobalSection(ExtensibilityGlobals) = postSolution
		SolutionGuid = {41F2011B-71BE-4322-9BF6-9F28107D9E81}
	EndGlobalSection
EndGlobal
